{
  "name": "callbaxx",
  "version": "0.3.0",
  "lockfileVersion": 1,
  "requires": true,
  "dependencies": {
    "is-buffer": {
      "version": "1.1.6",
      "resolved": "https://registry.npmjs.org/is-buffer/-/is-buffer-1.1.6.tgz",
      "integrity": "sha512-NcdALwpXkTm5Zvvbk7owOUSvVvBKDgKP5/ewfXEznmQFfs4ZRmanOeKBTjRVjka3QFoN6XJ+9F3USqfHqTaU5w=="
    },
    "is-even": {
      "version": "1.0.0",
      "resolved": "https://registry.npmjs.org/is-even/-/is-even-1.0.0.tgz",
      "integrity": "sha1-drUFX7rY0pSoa2qUkBXhyXtxfAY=",
      "requires": {
        "is-odd": "^0.1.2"
      },
      "dependencies": {
        "is-number": {
          "version": "3.0.0",
          "resolved": "https://registry.npmjs.org/is-number/-/is-number-3.0.0.tgz",
          "integrity": "sha1-JP1iAaR4LPUFYcgQJ2r8fRLXEZU=",
          "requires": {
            "kind-of": "^3.0.2"
          }
        },
        "is-odd": {
          "version": "0.1.2",
          "resolved": "https://registry.npmjs.org/is-odd/-/is-odd-0.1.2.tgz",
          "integrity": "sha1-vFc7XONx7yqtbm9JeZtyvvE5eKc=",
          "requires": {
            "is-number": "^3.0.0"
          }
        }
      }
    },
    "is-number": {
      "version": "6.0.0",
      "resolved": "https://registry.npmjs.org/is-number/-/is-number-6.0.0.tgz",
      "integrity": "sha512-Wu1VHeILBK8KAWJUAiSZQX94GmOE45Rg6/538fKwiloUu21KncEkYGPqob2oSZ5mUT73vLGrHQjKw3KMPwfDzg=="
    },
    "is-odd": {
      "version": "3.0.1",
      "resolved": "https://registry.npmjs.org/is-odd/-/is-odd-3.0.1.tgz",
      "integrity": "sha512-CQpnWPrDwmP1+SMHXZhtLtJv90yiyVfluGsX5iNCVkrhQtU3TQHsUWPG9wkdk9Lgd5yNpAg9jQEo90CBaXgWMA==",
      "requires": {
        "is-number": "^6.0.0"
      }
    },
    "kind-of": {
      "version": "3.2.2",
      "resolved": "https://registry.npmjs.org/kind-of/-/kind-of-3.2.2.tgz",
      "integrity": "sha1-MeohpzS6ubuw8yRm2JOupR5KPGQ=",
      "requires": {
        "is-buffer": "^1.1.5"
      }
    },
    "lodash": {
      "version": "4.17.10",
      "resolved": "https://registry.npmjs.org/lodash/-/lodash-4.17.10.tgz",
      "integrity": "sha512-UejweD1pDoXu+AD825lWwp4ZGtSwgnpZxb3JDViD7StjQz+Nb/6l093lx4OQ0foGWNRoc19mWy7BzL+UAK2iVg=="
    }
  }
}
